
Microsoft Visual Studio Solution File, Format Version 12.00
# Visual Studio Version 16
VisualStudioVersion = 16.0.31410.357
MinimumVisualStudioVersion = 10.0.40219.1
Project("{9A19103F-16F7-4668-BE54-9A1E7A4F7556}") = "DemoPerformanceProfiles", "DemoPerformanceProfiles\DemoPerformanceProfiles.csproj", "{E04A0A6E-E508-4D92-BEE6-B368577383D5}"
EndProject
Project("{FAE04EC0-301F-11D3-BF4B-00C04F79EFBC}") = "ValueTypesVsReftypesPerf", "ValueTypesVsReftypesPerf\ValueTypesVsReftypesPerf.csproj", "{FF331C45-83DA-4C51-921B-F66514F5ABFB}"
EndProject
Project("{9A19103F-16F7-4668-BE54-9A1E7A4F7556}") = "SampleWebApp_AsyncAwait", "SampleWebApp_AsyncAwait\SampleWebApp_AsyncAwait.csproj", "{0D979284-1156-4B1D-B185-D2D73A86E160}"
EndProject
Project("{9A19103F-16F7-4668-BE54-9A1E7A4F7556}") = "SampleWebApp_Synchronous", "SampleWebApp_Synchronous\SampleWebApp_Synchronous.csproj", "{D3626937-0B0A-49AF-82F7-CDF11439D7A8}"
EndProject
Project("{9A19103F-16F7-4668-BE54-9A1E7A4F7556}") = "TestDriver", "TestDriver\TestDriver.csproj", "{77507BDB-8CD8-49D6-A6C1-4A7CF2DDD7CA}"
EndProject
Global
	GlobalSection(SolutionConfigurationPlatforms) = preSolution
		Debug|Any CPU = Debug|Any CPU
		Release|Any CPU = Release|Any CPU
	EndGlobalSection
	GlobalSection(ProjectConfigurationPlatforms) = postSolution
		{E04A0A6E-E508-4D92-BEE6-B368577383D5}.Debug|Any CPU.ActiveCfg = Debug|Any CPU
		{E04A0A6E-E508-4D92-BEE6-B368577383D5}.Debug|Any CPU.Build.0 = Debug|Any CPU
		{E04A0A6E-E508-4D92-BEE6-B368577383D5}.Release|Any CPU.ActiveCfg = Release|Any CPU
		{E04A0A6E-E508-4D92-BEE6-B368577383D5}.Release|Any CPU.Build.0 = Release|Any CPU
		{FF331C45-83DA-4C51-921B-F66514F5ABFB}.Debug|Any CPU.ActiveCfg = Debug|Any CPU
		{FF331C45-83DA-4C51-921B-F66514F5ABFB}.Debug|Any CPU.Build.0 = Debug|Any CPU
		{FF331C45-83DA-4C51-921B-F66514F5ABFB}.Release|Any CPU.ActiveCfg = Release|Any CPU
		{FF331C45-83DA-4C51-921B-F66514F5ABFB}.Release|Any CPU.Build.0 = Release|Any CPU
		{0D979284-1156-4B1D-B185-D2D73A86E160}.Debug|Any CPU.ActiveCfg = Debug|Any CPU
		{0D979284-1156-4B1D-B185-D2D73A86E160}.Debug|Any CPU.Build.0 = Debug|Any CPU
		{0D979284-1156-4B1D-B185-D2D73A86E160}.Release|Any CPU.ActiveCfg = Release|Any CPU
		{0D979284-1156-4B1D-B185-D2D73A86E160}.Release|Any CPU.Build.0 = Release|Any CPU
		{D3626937-0B0A-49AF-82F7-CDF11439D7A8}.Debug|Any CPU.ActiveCfg = Debug|Any CPU
		{D3626937-0B0A-49AF-82F7-CDF11439D7A8}.Debug|Any CPU.Build.0 = Debug|Any CPU
		{D3626937-0B0A-49AF-82F7-CDF11439D7A8}.Release|Any CPU.ActiveCfg = Release|Any CPU
		{D3626937-0B0A-49AF-82F7-CDF11439D7A8}.Release|Any CPU.Build.0 = Release|Any CPU
		{77507BDB-8CD8-49D6-A6C1-4A7CF2DDD7CA}.Debug|Any CPU.ActiveCfg = Debug|Any CPU
		{77507BDB-8CD8-49D6-A6C1-4A7CF2DDD7CA}.Debug|Any CPU.Build.0 = Debug|Any CPU
		{77507BDB-8CD8-49D6-A6C1-4A7CF2DDD7CA}.Release|Any CPU.ActiveCfg = Release|Any CPU
		{77507BDB-8CD8-49D6-A6C1-4A7CF2DDD7CA}.Release|Any CPU.Build.0 = Release|Any CPU
	EndGlobalSection
	GlobalSection(SolutionProperties) = preSolution
		HideSolutionNode = FALSE
	EndGlobalSection
	GlobalSection(ExtensibilityGlobals) = postSolution
		SolutionGuid = {CD64B063-411C-435F-A41E-E310F3F00E00}
	EndGlobalSection
EndGlobal
